
Microsoft Visual Studio Solution File, Format Version 12.00
# Visual Studio 15
VisualStudioVersion = 15.0.28307.168
MinimumVisualStudioVersion = 10.0.40219.1
Project("{FAE04EC0-301F-11D3-BF4B-00C04F79EFBC}") = "MetropolitanaFinale2", "MetropolitanaFinale2\MetropolitanaFinale2.csproj", "{9AA0FBB7-935F-4448-90F9-A32AB5FF9CD8}"
EndProject
Global
	GlobalSection(SolutionConfigurationPlatforms) = preSolution
		Debug|Any CPU = Debug|Any CPU
		Release|Any CPU = Release|Any CPU
	EndGlobalSection
	GlobalSection(ProjectConfigurationPlatforms) = postSolution
		{9AA0FBB7-935F-4448-90F9-A32AB5FF9CD8}.Debug|Any CPU.ActiveCfg = Debug|Any CPU
		{9AA0FBB7-935F-4448-90F9-A32AB5FF9CD8}.Debug|Any CPU.Build.0 = Debug|Any CPU
		{9AA0FBB7-935F-4448-90F9-A32AB5FF9CD8}.Release|Any CPU.ActiveCfg = Release|Any CPU
		{9AA0FBB7-935F-4448-90F9-A32AB5FF9CD8}.Release|Any CPU.Build.0 = Release|Any CPU
	EndGlobalSection
	GlobalSection(SolutionProperties) = preSolution
		HideSolutionNode = FALSE
	EndGlobalSection
	GlobalSection(ExtensibilityGlobals) = postSolution
		SolutionGuid = {21BB6B16-54D8-488E-B45C-DA4984F4F695}
	EndGlobalSection
EndGlobal
