
Microsoft Visual Studio Solution File, Format Version 12.00
# Visual Studio 15
VisualStudioVersion = 15.0.28307.168
MinimumVisualStudioVersion = 10.0.40219.1
Project("{FAE04EC0-301F-11D3-BF4B-00C04F79EFBC}") = "metropolitana", "metropolitana\metropolitana.csproj", "{F7B38554-966C-408E-8D52-2C020F69AD6B}"
EndProject
Global
	GlobalSection(SolutionConfigurationPlatforms) = preSolution
		Debug|Any CPU = Debug|Any CPU
		Release|Any CPU = Release|Any CPU
	EndGlobalSection
	GlobalSection(ProjectConfigurationPlatforms) = postSolution
		{F7B38554-966C-408E-8D52-2C020F69AD6B}.Debug|Any CPU.ActiveCfg = Debug|Any CPU
		{F7B38554-966C-408E-8D52-2C020F69AD6B}.Debug|Any CPU.Build.0 = Debug|Any CPU
		{F7B38554-966C-408E-8D52-2C020F69AD6B}.Release|Any CPU.ActiveCfg = Release|Any CPU
		{F7B38554-966C-408E-8D52-2C020F69AD6B}.Release|Any CPU.Build.0 = Release|Any CPU
	EndGlobalSection
	GlobalSection(SolutionProperties) = preSolution
		HideSolutionNode = FALSE
	EndGlobalSection
	GlobalSection(ExtensibilityGlobals) = postSolution
		SolutionGuid = {B43E6377-8DE8-440C-AD5E-7499D4A3D91B}
	EndGlobalSection
EndGlobal
